
Microsoft Visual Studio Solution File, Format Version 12.00
# Visual Studio Version 16
VisualStudioVersion = 16.0.30002.166
MinimumVisualStudioVersion = 10.0.40219.1
Project("{00D1A9C2-B5F0-4AF3-8072-F6C62B433612}") = "FantasyBaseballDb", "FantasyBaseballDb\FantasyBaseballDb.sqlproj", "{E6DED316-DA20-4E3E-81AA-B994DE190C1F}"
EndProject
Project("{9A19103F-16F7-4668-BE54-9A1E7A4F7556}") = "FantasyBaseball.Entities", "FantasyBaseball.Entities\FantasyBaseball.Entities.csproj", "{9E6BDFD4-0DBD-412B-8354-889763CABE7A}"
EndProject
Project("{9A19103F-16F7-4668-BE54-9A1E7A4F7556}") = "FantasyBaseball.Repository", "FantasyBaseball.Repository\FantasyBaseball.Repository.csproj", "{189FE1FA-C124-4C4F-87D9-3649C0F56172}"
EndProject
Project("{9A19103F-16F7-4668-BE54-9A1E7A4F7556}") = "FantasyBaseball.Business", "FantasyBaseball.Business\FantasyBaseball.Business.csproj", "{EDB0EB3F-6EC2-496A-B51B-2043FB756477}"
EndProject
Project("{FAE04EC0-301F-11D3-BF4B-00C04F79EFBC}") = "FantasyBaseball.UI", "FantasyBaseball.UI\FantasyBaseball.UI.csproj", "{C1ECA380-E7C7-4B45-BBDE-7A49FAD50220}"
EndProject
Global
	GlobalSection(SolutionConfigurationPlatforms) = preSolution
		Debug|Any CPU = Debug|Any CPU
		Release|Any CPU = Release|Any CPU
	EndGlobalSection
	GlobalSection(ProjectConfigurationPlatforms) = postSolution
		{E6DED316-DA20-4E3E-81AA-B994DE190C1F}.Debug|Any CPU.ActiveCfg = Debug|Any CPU
		{E6DED316-DA20-4E3E-81AA-B994DE190C1F}.Debug|Any CPU.Build.0 = Debug|Any CPU
		{E6DED316-DA20-4E3E-81AA-B994DE190C1F}.Debug|Any CPU.Deploy.0 = Debug|Any CPU
		{E6DED316-DA20-4E3E-81AA-B994DE190C1F}.Release|Any CPU.ActiveCfg = Release|Any CPU
		{E6DED316-DA20-4E3E-81AA-B994DE190C1F}.Release|Any CPU.Build.0 = Release|Any CPU
		{E6DED316-DA20-4E3E-81AA-B994DE190C1F}.Release|Any CPU.Deploy.0 = Release|Any CPU
		{9E6BDFD4-0DBD-412B-8354-889763CABE7A}.Debug|Any CPU.ActiveCfg = Debug|Any CPU
		{9E6BDFD4-0DBD-412B-8354-889763CABE7A}.Debug|Any CPU.Build.0 = Debug|Any CPU
		{9E6BDFD4-0DBD-412B-8354-889763CABE7A}.Release|Any CPU.ActiveCfg = Release|Any CPU
		{9E6BDFD4-0DBD-412B-8354-889763CABE7A}.Release|Any CPU.Build.0 = Release|Any CPU
		{189FE1FA-C124-4C4F-87D9-3649C0F56172}.Debug|Any CPU.ActiveCfg = Debug|Any CPU
		{189FE1FA-C124-4C4F-87D9-3649C0F56172}.Debug|Any CPU.Build.0 = Debug|Any CPU
		{189FE1FA-C124-4C4F-87D9-3649C0F56172}.Release|Any CPU.ActiveCfg = Release|Any CPU
		{189FE1FA-C124-4C4F-87D9-3649C0F56172}.Release|Any CPU.Build.0 = Release|Any CPU
		{EDB0EB3F-6EC2-496A-B51B-2043FB756477}.Debug|Any CPU.ActiveCfg = Debug|Any CPU
		{EDB0EB3F-6EC2-496A-B51B-2043FB756477}.Debug|Any CPU.Build.0 = Debug|Any CPU
		{EDB0EB3F-6EC2-496A-B51B-2043FB756477}.Release|Any CPU.ActiveCfg = Release|Any CPU
		{EDB0EB3F-6EC2-496A-B51B-2043FB756477}.Release|Any CPU.Build.0 = Release|Any CPU
		{C1ECA380-E7C7-4B45-BBDE-7A49FAD50220}.Debug|Any CPU.ActiveCfg = Debug|Any CPU
		{C1ECA380-E7C7-4B45-BBDE-7A49FAD50220}.Debug|Any CPU.Build.0 = Debug|Any CPU
		{C1ECA380-E7C7-4B45-BBDE-7A49FAD50220}.Release|Any CPU.ActiveCfg = Release|Any CPU
		{C1ECA380-E7C7-4B45-BBDE-7A49FAD50220}.Release|Any CPU.Build.0 = Release|Any CPU
	EndGlobalSection
	GlobalSection(SolutionProperties) = preSolution
		HideSolutionNode = FALSE
	EndGlobalSection
	GlobalSection(ExtensibilityGlobals) = postSolution
		SolutionGuid = {AC297EE0-27DB-48F9-810E-15A2164F1B56}
	EndGlobalSection
EndGlobal
